Microsoft Visual Studio Solution File, Format Version 11.00
# Visual Studio 2008

Project("{9846D164-9C9F-4E8D-7384-694EB947F0F9}") = "JiangxhUnityToolKit", "Assembly-CSharp.csproj", "{DF9638FE-E5C6-9525-E434-870D784E8837}"
EndProject
Global
	GlobalSection(SolutionConfigurationPlatforms) = preSolution
		Debug|Any CPU = Debug|Any CPU
		Release|Any CPU = Release|Any CPU
	EndGlobalSection
	GlobalSection(ProjectConfigurationPlatforms) = postSolution
		{DF9638FE-E5C6-9525-E434-870D784E8837}.Debug|Any CPU.ActiveCfg = Debug|Any CPU
		{DF9638FE-E5C6-9525-E434-870D784E8837}.Debug|Any CPU.Build.0 = Debug|Any CPU
		{DF9638FE-E5C6-9525-E434-870D784E8837}.Release|Any CPU.ActiveCfg = Release|Any CPU
		{DF9638FE-E5C6-9525-E434-870D784E8837}.Release|Any CPU.Build.0 = Release|Any CPU
	EndGlobalSection
	GlobalSection(SolutionProperties) = preSolution
		HideSolutionNode = FALSE
	EndGlobalSection
	GlobalSection(MonoDevelopProperties) = preSolution
		StartupItem = Assembly-CSharp.csproj
	EndGlobalSection
EndGlobal
